Microsoft Visual Studio Solution File, Format Version 12.00
# Visual Studio Version 17
VisualStudioVersion = 17.5.2.0
MinimumVisualStudioVersion = 10.0.40219.1
Project("{FAE04EC0-301F-11D3-BF4B-00C04F79EFBC}") = "SecureAdminSystem", "SecureAdminSystem.csproj", "{240B1507-E8B7-F096-990B-EB3625457D1F}"
EndProject
Global
	GlobalSection(SolutionConfigurationPlatforms) = preSolution
		Debug|Any CPU = Debug|Any CPU
		Release|Any CPU = Release|Any CPU
	EndGlobalSection
	GlobalSection(ProjectConfigurationPlatforms) = postSolution
		{240B1507-E8B7-F096-990B-EB3625457D1F}.Debug|Any CPU.ActiveCfg = Debug|Any CPU
		{240B1507-E8B7-F096-990B-EB3625457D1F}.Debug|Any CPU.Build.0 = Debug|Any CPU
		{240B1507-E8B7-F096-990B-EB3625457D1F}.Release|Any CPU.ActiveCfg = Release|Any CPU
		{240B1507-E8B7-F096-990B-EB3625457D1F}.Release|Any CPU.Build.0 = Release|Any CPU
	EndGlobalSection
	GlobalSection(SolutionProperties) = preSolution
		HideSolutionNode = FALSE
	EndGlobalSection
	GlobalSection(ExtensibilityGlobals) = postSolution
		SolutionGuid = {27E3EEF0-2095-4E82-9475-E44DCDF40C72}
	EndGlobalSection
EndGlobal
